
Microsoft Visual Studio Solution File, Format Version 12.00
# Visual Studio Version 17
VisualStudioVersion = 17.6.33829.357
MinimumVisualStudioVersion = 10.0.40219.1
Project("{FAE04EC0-301F-11D3-BF4B-00C04F79EFBC}") = "BensWebPage", "BensWebPage.csproj", "{0708B953-ECCF-47B6-B7DF-7749C35BBB29}"
EndProject
Global
	GlobalSection(SolutionConfigurationPlatforms) = preSolution
		Debug|Any CPU = Debug|Any CPU
		Release|Any CPU = Release|Any CPU
	EndGlobalSection
	GlobalSection(ProjectConfigurationPlatforms) = postSolution
		{0708B953-ECCF-47B6-B7DF-7749C35BBB29}.Debug|Any CPU.ActiveCfg = Debug|Any CPU
		{0708B953-ECCF-47B6-B7DF-7749C35BBB29}.Debug|Any CPU.Build.0 = Debug|Any CPU
		{0708B953-ECCF-47B6-B7DF-7749C35BBB29}.Release|Any CPU.ActiveCfg = Release|Any CPU
		{0708B953-ECCF-47B6-B7DF-7749C35BBB29}.Release|Any CPU.Build.0 = Release|Any CPU
	EndGlobalSection
	GlobalSection(SolutionProperties) = preSolution
		HideSolutionNode = FALSE
	EndGlobalSection
	GlobalSection(ExtensibilityGlobals) = postSolution
		SolutionGuid = {24BB8422-D0E8-408E-9C04-119E93F92C1B}
	EndGlobalSection
EndGlobal
